
Microsoft Visual Studio Solution File, Format Version 12.00
# Visual Studio 2013
VisualStudioVersion = 12.0.40629.0
MinimumVisualStudioVersion = 10.0.40219.1
Project("{2150E333-8FDC-42A3-9474-1A3956D46DE8}") = "Solution Items", "Solution Items", "{225A9676-A137-40CC-AC2A-39CC72D637F6}"
	ProjectSection(SolutionItems) = preProject
		readme.md = readme.md
		readme.ru.md = readme.ru.md
	EndProjectSection
EndProject
Project("{FAE04EC0-301F-11D3-BF4B-00C04F79EFBC}") = "POC.WebBgTasks", "POC.WebBgTasks\POC.WebBgTasks.csproj", "{27096D90-810B-4FAD-A0C7-30D4E059F911}"
EndProject
Project("{2150E333-8FDC-42A3-9474-1A3956D46DE8}") = ".nuget", ".nuget", "{1220CFA7-F652-47FC-9D48-7FF5C409321D}"
	ProjectSection(SolutionItems) = preProject
		.nuget\NuGet.Config = .nuget\NuGet.Config
		.nuget\NuGet.exe = .nuget\NuGet.exe
		.nuget\NuGet.targets = .nuget\NuGet.targets
	EndProjectSection
EndProject
Global
	GlobalSection(SolutionConfigurationPlatforms) = preSolution
		Debug|Any CPU = Debug|Any CPU
		Release|Any CPU = Release|Any CPU
	EndGlobalSection
	GlobalSection(ProjectConfigurationPlatforms) = postSolution
		{27096D90-810B-4FAD-A0C7-30D4E059F911}.Debug|Any CPU.ActiveCfg = Debug|Any CPU
		{27096D90-810B-4FAD-A0C7-30D4E059F911}.Debug|Any CPU.Build.0 = Debug|Any CPU
		{27096D90-810B-4FAD-A0C7-30D4E059F911}.Release|Any CPU.ActiveCfg = Release|Any CPU
		{27096D90-810B-4FAD-A0C7-30D4E059F911}.Release|Any CPU.Build.0 = Release|Any CPU
	EndGlobalSection
	GlobalSection(SolutionProperties) = preSolution
		HideSolutionNode = FALSE
	EndGlobalSection
EndGlobal
